
Microsoft Visual Studio Solution File, Format Version 12.00
# Visual Studio 15
VisualStudioVersion = 15.0.28307.102
MinimumVisualStudioVersion = 10.0.40219.1
Project("{FAE04EC0-301F-11D3-BF4B-00C04F79EFBC}") = "TestKode", "TestKode\TestKode.csproj", "{DE33506D-2634-46EC-B505-7CD82DEF8BB8}"
EndProject
Project("{FAE04EC0-301F-11D3-BF4B-00C04F79EFBC}") = "Debugdemo", "Debugdemo\Debugdemo.csproj", "{DDF869F8-847E-4279-8823-2F553FBB3B5B}"
EndProject
Project("{FAE04EC0-301F-11D3-BF4B-00C04F79EFBC}") = "Opgave_variabler", "ConsoleApp1\Opgave_variabler.csproj", "{F16CBEC2-9518-4874-AE68-E191FDBB6AC6}"
EndProject
Project("{FAE04EC0-301F-11D3-BF4B-00C04F79EFBC}") = "Opgave_Dato_Tid", "Opgave_Dato_Tid\Opgave_Dato_Tid.csproj", "{81837BF8-DCF9-4303-803A-9618A00AB9A1}"
EndProject
Project("{FAE04EC0-301F-11D3-BF4B-00C04F79EFBC}") = "Opgave_text", "Opgave_text\Opgave_text.csproj", "{09A4EAEE-07D3-4D0A-8CFF-942FDE4518A4}"
EndProject
Project("{2150E333-8FDC-42A3-9474-1A3956D46DE8}") = "Solution Items", "Solution Items", "{D6A459DE-B981-4030-BFD6-8A94F791E5BE}"
	ProjectSection(SolutionItems) = preProject
		.editorconfig = .editorconfig
	EndProjectSection
EndProject
Project("{FAE04EC0-301F-11D3-BF4B-00C04F79EFBC}") = "Opgave_enum", "ConsoleApp2Opgave_enum\Opgave_enum.csproj", "{60FE414B-215F-440B-ADEA-AC44B5268365}"
EndProject
Project("{FAE04EC0-301F-11D3-BF4B-00C04F79EFBC}") = "Opgave_fejllog_simpel", "Opgave_fejllog_simpel\Opgave_fejllog_simpel.csproj", "{9D6B5AB9-604B-46C8-9088-B7EECEF6A7BF}"
EndProject
Project("{FAE04EC0-301F-11D3-BF4B-00C04F79EFBC}") = "Opgave_struct_class", "Opgave_struct_class\Opgave_struct_class.csproj", "{8FC4DCA3-E44E-41AF-9576-9E53FC2D041D}"
EndProject
Project("{FAE04EC0-301F-11D3-BF4B-00C04F79EFBC}") = "Opgave_simpel_klasse", "Opgave_simpel_klasse\Opgave_simpel_klasse.csproj", "{B6EE5DCC-CA6F-43D7-9179-38D692DE697E}"
EndProject
Project("{FAE04EC0-301F-11D3-BF4B-00C04F79EFBC}") = "Opgave_simpel_egenskab", "Opgaev_simpel_egenskab\Opgave_simpel_egenskab.csproj", "{65A81CEF-9ABC-4260-8746-893606007D36}"
EndProject
Project("{FAE04EC0-301F-11D3-BF4B-00C04F79EFBC}") = "Opgave_automatisk_egenskab", "Opgave_automatisk_egenskab\Opgave_automatisk_egenskab.csproj", "{A9AB69D9-B328-417A-B7A4-D57CC8B0AAF2}"
EndProject
Project("{FAE04EC0-301F-11D3-BF4B-00C04F79EFBC}") = "Opgave_samlinger_simpel", "Opgave_samlinger-simpel\Opgave_samlinger_simpel.csproj", "{E522581F-B560-4DF2-887E-EA55F0A0F33D}"
EndProject
Project("{FAE04EC0-301F-11D3-BF4B-00C04F79EFBC}") = "Opgave_samlinger_stack", "Opgave_samlinger_stack\Opgave_samlinger_stack.csproj", "{DF26E4CC-F609-4F07-A84F-E72C81FA04BD}"
EndProject
Project("{FAE04EC0-301F-11D3-BF4B-00C04F79EFBC}") = "Opgave_Arv_objekt", "Opgave_Arv_objekt\Opgave_Arv_objekt.csproj", "{7B4F7FE9-7C2E-4BF3-B1FC-E76D6BB16601}"
EndProject
Project("{FAE04EC0-301F-11D3-BF4B-00C04F79EFBC}") = "Opgave_Arv_Dyr1", "Opgave_Arv_Dyr1\Opgave_Arv_Dyr1.csproj", "{A445333C-563E-499F-BB30-9F32CC6F4D56}"
EndProject
Project("{FAE04EC0-301F-11D3-BF4B-00C04F79EFBC}") = "Opgave_eget_interface", "Opgave_eget_interface\Opgave_eget_interface.csproj", "{797511CB-D6E3-4ACD-A9A5-E91516E5A662}"
EndProject
Project("{FAE04EC0-301F-11D3-BF4B-00C04F79EFBC}") = "Opgave_Interface_Compare", "Opgave_Interface_Compare\Opgave_Interface_Compare.csproj", "{90D3655C-199D-47DD-98F0-62F4619E0895}"
EndProject
Global
	GlobalSection(SolutionConfigurationPlatforms) = preSolution
		Debug|Any CPU = Debug|Any CPU
		Release|Any CPU = Release|Any CPU
	EndGlobalSection
	GlobalSection(ProjectConfigurationPlatforms) = postSolution
		{DE33506D-2634-46EC-B505-7CD82DEF8BB8}.Debug|Any CPU.ActiveCfg = Debug|Any CPU
		{DE33506D-2634-46EC-B505-7CD82DEF8BB8}.Debug|Any CPU.Build.0 = Debug|Any CPU
		{DE33506D-2634-46EC-B505-7CD82DEF8BB8}.Release|Any CPU.ActiveCfg = Release|Any CPU
		{DE33506D-2634-46EC-B505-7CD82DEF8BB8}.Release|Any CPU.Build.0 = Release|Any CPU
		{DDF869F8-847E-4279-8823-2F553FBB3B5B}.Debug|Any CPU.ActiveCfg = Debug|Any CPU
		{DDF869F8-847E-4279-8823-2F553FBB3B5B}.Debug|Any CPU.Build.0 = Debug|Any CPU
		{DDF869F8-847E-4279-8823-2F553FBB3B5B}.Release|Any CPU.ActiveCfg = Release|Any CPU
		{DDF869F8-847E-4279-8823-2F553FBB3B5B}.Release|Any CPU.Build.0 = Release|Any CPU
		{F16CBEC2-9518-4874-AE68-E191FDBB6AC6}.Debug|Any CPU.ActiveCfg = Debug|Any CPU
		{F16CBEC2-9518-4874-AE68-E191FDBB6AC6}.Debug|Any CPU.Build.0 = Debug|Any CPU
		{F16CBEC2-9518-4874-AE68-E191FDBB6AC6}.Release|Any CPU.ActiveCfg = Release|Any CPU
		{F16CBEC2-9518-4874-AE68-E191FDBB6AC6}.Release|Any CPU.Build.0 = Release|Any CPU
		{81837BF8-DCF9-4303-803A-9618A00AB9A1}.Debug|Any CPU.ActiveCfg = Debug|Any CPU
		{81837BF8-DCF9-4303-803A-9618A00AB9A1}.Debug|Any CPU.Build.0 = Debug|Any CPU
		{81837BF8-DCF9-4303-803A-9618A00AB9A1}.Release|Any CPU.ActiveCfg = Release|Any CPU
		{81837BF8-DCF9-4303-803A-9618A00AB9A1}.Release|Any CPU.Build.0 = Release|Any CPU
		{09A4EAEE-07D3-4D0A-8CFF-942FDE4518A4}.Debug|Any CPU.ActiveCfg = Debug|Any CPU
		{09A4EAEE-07D3-4D0A-8CFF-942FDE4518A4}.Debug|Any CPU.Build.0 = Debug|Any CPU
		{09A4EAEE-07D3-4D0A-8CFF-942FDE4518A4}.Release|Any CPU.ActiveCfg = Release|Any CPU
		{09A4EAEE-07D3-4D0A-8CFF-942FDE4518A4}.Release|Any CPU.Build.0 = Release|Any CPU
		{60FE414B-215F-440B-ADEA-AC44B5268365}.Debug|Any CPU.ActiveCfg = Debug|Any CPU
		{60FE414B-215F-440B-ADEA-AC44B5268365}.Debug|Any CPU.Build.0 = Debug|Any CPU
		{60FE414B-215F-440B-ADEA-AC44B5268365}.Release|Any CPU.ActiveCfg = Release|Any CPU
		{60FE414B-215F-440B-ADEA-AC44B5268365}.Release|Any CPU.Build.0 = Release|Any CPU
		{9D6B5AB9-604B-46C8-9088-B7EECEF6A7BF}.Debug|Any CPU.ActiveCfg = Debug|Any CPU
		{9D6B5AB9-604B-46C8-9088-B7EECEF6A7BF}.Debug|Any CPU.Build.0 = Debug|Any CPU
		{9D6B5AB9-604B-46C8-9088-B7EECEF6A7BF}.Release|Any CPU.ActiveCfg = Release|Any CPU
		{9D6B5AB9-604B-46C8-9088-B7EECEF6A7BF}.Release|Any CPU.Build.0 = Release|Any CPU
		{8FC4DCA3-E44E-41AF-9576-9E53FC2D041D}.Debug|Any CPU.ActiveCfg = Debug|Any CPU
		{8FC4DCA3-E44E-41AF-9576-9E53FC2D041D}.Debug|Any CPU.Build.0 = Debug|Any CPU
		{8FC4DCA3-E44E-41AF-9576-9E53FC2D041D}.Release|Any CPU.ActiveCfg = Release|Any CPU
		{8FC4DCA3-E44E-41AF-9576-9E53FC2D041D}.Release|Any CPU.Build.0 = Release|Any CPU
		{B6EE5DCC-CA6F-43D7-9179-38D692DE697E}.Debug|Any CPU.ActiveCfg = Debug|Any CPU
		{B6EE5DCC-CA6F-43D7-9179-38D692DE697E}.Debug|Any CPU.Build.0 = Debug|Any CPU
		{B6EE5DCC-CA6F-43D7-9179-38D692DE697E}.Release|Any CPU.ActiveCfg = Release|Any CPU
		{B6EE5DCC-CA6F-43D7-9179-38D692DE697E}.Release|Any CPU.Build.0 = Release|Any CPU
		{65A81CEF-9ABC-4260-8746-893606007D36}.Debug|Any CPU.ActiveCfg = Debug|Any CPU
		{65A81CEF-9ABC-4260-8746-893606007D36}.Debug|Any CPU.Build.0 = Debug|Any CPU
		{65A81CEF-9ABC-4260-8746-893606007D36}.Release|Any CPU.ActiveCfg = Release|Any CPU
		{65A81CEF-9ABC-4260-8746-893606007D36}.Release|Any CPU.Build.0 = Release|Any CPU
		{A9AB69D9-B328-417A-B7A4-D57CC8B0AAF2}.Debug|Any CPU.ActiveCfg = Debug|Any CPU
		{A9AB69D9-B328-417A-B7A4-D57CC8B0AAF2}.Debug|Any CPU.Build.0 = Debug|Any CPU
		{A9AB69D9-B328-417A-B7A4-D57CC8B0AAF2}.Release|Any CPU.ActiveCfg = Release|Any CPU
		{A9AB69D9-B328-417A-B7A4-D57CC8B0AAF2}.Release|Any CPU.Build.0 = Release|Any CPU
		{E522581F-B560-4DF2-887E-EA55F0A0F33D}.Debug|Any CPU.ActiveCfg = Debug|Any CPU
		{E522581F-B560-4DF2-887E-EA55F0A0F33D}.Debug|Any CPU.Build.0 = Debug|Any CPU
		{E522581F-B560-4DF2-887E-EA55F0A0F33D}.Release|Any CPU.ActiveCfg = Release|Any CPU
		{E522581F-B560-4DF2-887E-EA55F0A0F33D}.Release|Any CPU.Build.0 = Release|Any CPU
		{DF26E4CC-F609-4F07-A84F-E72C81FA04BD}.Debug|Any CPU.ActiveCfg = Debug|Any CPU
		{DF26E4CC-F609-4F07-A84F-E72C81FA04BD}.Debug|Any CPU.Build.0 = Debug|Any CPU
		{DF26E4CC-F609-4F07-A84F-E72C81FA04BD}.Release|Any CPU.ActiveCfg = Release|Any CPU
		{DF26E4CC-F609-4F07-A84F-E72C81FA04BD}.Release|Any CPU.Build.0 = Release|Any CPU
		{7B4F7FE9-7C2E-4BF3-B1FC-E76D6BB16601}.Debug|Any CPU.ActiveCfg = Debug|Any CPU
		{7B4F7FE9-7C2E-4BF3-B1FC-E76D6BB16601}.Debug|Any CPU.Build.0 = Debug|Any CPU
		{7B4F7FE9-7C2E-4BF3-B1FC-E76D6BB16601}.Release|Any CPU.ActiveCfg = Release|Any CPU
		{7B4F7FE9-7C2E-4BF3-B1FC-E76D6BB16601}.Release|Any CPU.Build.0 = Release|Any CPU
		{A445333C-563E-499F-BB30-9F32CC6F4D56}.Debug|Any CPU.ActiveCfg = Debug|Any CPU
		{A445333C-563E-499F-BB30-9F32CC6F4D56}.Debug|Any CPU.Build.0 = Debug|Any CPU
		{A445333C-563E-499F-BB30-9F32CC6F4D56}.Release|Any CPU.ActiveCfg = Release|Any CPU
		{A445333C-563E-499F-BB30-9F32CC6F4D56}.Release|Any CPU.Build.0 = Release|Any CPU
		{797511CB-D6E3-4ACD-A9A5-E91516E5A662}.Debug|Any CPU.ActiveCfg = Debug|Any CPU
		{797511CB-D6E3-4ACD-A9A5-E91516E5A662}.Debug|Any CPU.Build.0 = Debug|Any CPU
		{797511CB-D6E3-4ACD-A9A5-E91516E5A662}.Release|Any CPU.ActiveCfg = Release|Any CPU
		{797511CB-D6E3-4ACD-A9A5-E91516E5A662}.Release|Any CPU.Build.0 = Release|Any CPU
		{90D3655C-199D-47DD-98F0-62F4619E0895}.Debug|Any CPU.ActiveCfg = Debug|Any CPU
		{90D3655C-199D-47DD-98F0-62F4619E0895}.Debug|Any CPU.Build.0 = Debug|Any CPU
		{90D3655C-199D-47DD-98F0-62F4619E0895}.Release|Any CPU.ActiveCfg = Release|Any CPU
		{90D3655C-199D-47DD-98F0-62F4619E0895}.Release|Any CPU.Build.0 = Release|Any CPU
	EndGlobalSection
	GlobalSection(SolutionProperties) = preSolution
		HideSolutionNode = FALSE
	EndGlobalSection
	GlobalSection(ExtensibilityGlobals) = postSolution
		SolutionGuid = {C56FB5D2-D327-44A1-8F55-D165387E5687}
	EndGlobalSection
EndGlobal
